
Microsoft Visual Studio Solution File, Format Version 12.00
# Visual Studio Version 16
VisualStudioVersion = 16.0.32802.440
MinimumVisualStudioVersion = 10.0.40219.1
Project("{FAE04EC0-301F-11D3-BF4B-00C04F79EFBC}") = "TaskForExceptionIndexer", "TaskForExceptionIndexer\TaskForExceptionIndexer.csproj", "{053C6479-A7B6-47AA-AD7A-458D332C7AE1}"
EndProject
Global
	GlobalSection(SolutionConfigurationPlatforms) = preSolution
		Debug|Any CPU = Debug|Any CPU
		Release|Any CPU = Release|Any CPU
	EndGlobalSection
	GlobalSection(ProjectConfigurationPlatforms) = postSolution
		{053C6479-A7B6-47AA-AD7A-458D332C7AE1}.Debug|Any CPU.ActiveCfg = Debug|Any CPU
		{053C6479-A7B6-47AA-AD7A-458D332C7AE1}.Debug|Any CPU.Build.0 = Debug|Any CPU
		{053C6479-A7B6-47AA-AD7A-458D332C7AE1}.Release|Any CPU.ActiveCfg = Release|Any CPU
		{053C6479-A7B6-47AA-AD7A-458D332C7AE1}.Release|Any CPU.Build.0 = Release|Any CPU
	EndGlobalSection
	GlobalSection(SolutionProperties) = preSolution
		HideSolutionNode = FALSE
	EndGlobalSection
	GlobalSection(ExtensibilityGlobals) = postSolution
		SolutionGuid = {69B5143F-3528-4C45-A17E-E821C9E0CCFE}
	EndGlobalSection
EndGlobal
